<?xml version="1.0" encoding="UTF-8" standalone="yes" ?>
<CodeBlocks_project_file>
	<FileVersion major="1" minor="6" />
	<Project>
		<Option title="tsgl" />
		<Option pch_mode="2" />
		<Option compiler="gcc" />
		<Build>
			<Target title="Debug">
				<Option output="bin/Debug/tsgl" prefix_auto="1" extension_auto="1" />
				<Option object_output="obj/Debug/" />
				<Option type="1" />
				<Option compiler="gcc" />
				<Compiler>
					<Add option="-g" />
					<Add option="-DDEBUG" />
				</Compiler>
				<Linker>
					<Add option="-lSDL" />
					<Add option="-lSDLmain" />
					<Add option="-lSDL_image" />
					<Add option="-lGL" />
					<Add option="-lGLU" />
					<Add option="-ldl" />
					<Add option="-lm" />
					<Add option="-pthread" />
				</Linker>
			</Target>
			<Target title="Release">
				<Option output="bin/Release/tsgl" prefix_auto="1" extension_auto="1" />
				<Option object_output="obj/Release/" />
				<Option type="1" />
				<Option compiler="gcc" />
				<Compiler>
					<Add option="-O2" />
				</Compiler>
				<Linker>
					<Add option="-s" />
				</Linker>
			</Target>
		</Build>
		<Compiler>
			<Add option="-Wall" />
		</Compiler>
		<Unit filename="bullet.c">
			<Option compilerVar="CC" />
		</Unit>
		<Unit filename="bullet.h" />
		<Unit filename="cleanup.c">
			<Option compilerVar="CC" />
		</Unit>
		<Unit filename="cleanup.h" />
		<Unit filename="direction.h" />
		<Unit filename="draw.c">
			<Option compilerVar="CC" />
		</Unit>
		<Unit filename="draw.h" />
		<Unit filename="drunkenbot.c">
			<Option compilerVar="CC" />
		</Unit>
		<Unit filename="drunkenbot.h" />
		<Unit filename="gameover.c">
			<Option compilerVar="CC" />
		</Unit>
		<Unit filename="gameover.h" />
		<Unit filename="global.h" />
		<Unit filename="idiot.c">
			<Option compilerVar="CC" />
		</Unit>
		<Unit filename="idiot.h" />
		<Unit filename="init.c">
			<Option compilerVar="CC" />
		</Unit>
		<Unit filename="init.h" />
		<Unit filename="items.c">
			<Option compilerVar="CC" />
		</Unit>
		<Unit filename="items.h" />
		<Unit filename="keypress.c">
			<Option compilerVar="CC" />
		</Unit>
		<Unit filename="keypress.h" />
		<Unit filename="level.c">
			<Option compilerVar="CC" />
		</Unit>
		<Unit filename="level.h" />
		<Unit filename="loop.c">
			<Option compilerVar="CC" />
		</Unit>
		<Unit filename="loop.h" />
		<Unit filename="main.c">
			<Option compilerVar="CC" />
		</Unit>
		<Unit filename="menu.c">
			<Option compilerVar="CC" />
		</Unit>
		<Unit filename="menu.h" />
		<Unit filename="object.h" />
		<Unit filename="player.c">
			<Option compilerVar="CC" />
		</Unit>
		<Unit filename="player.h" />
		<Unit filename="portal.c">
			<Option compilerVar="CC" />
		</Unit>
		<Unit filename="portal.h" />
		<Unit filename="reset.c">
			<Option compilerVar="CC" />
		</Unit>
		<Unit filename="reset.h" />
		<Unit filename="text.c">
			<Option compilerVar="CC" />
		</Unit>
		<Unit filename="text.h" />
		<Unit filename="utils.c">
			<Option compilerVar="CC" />
		</Unit>
		<Unit filename="utils.h" />
		<Extensions>
			<code_completion />
			<debugger />
		</Extensions>
	</Project>
</CodeBlocks_project_file>
